
Microsoft Visual Studio Solution File, Format Version 12.00
# Visual Studio Version 17
VisualStudioVersion = 17.10.35013.160
MinimumVisualStudioVersion = 10.0.40219.1
Project("{FAE04EC0-301F-11D3-BF4B-00C04F79EFBC}") = "EmployeeManagementAPI", "EmployeeManagementAPI\EmployeeManagementAPI.csproj", "{BEBF4E96-F42C-411D-89DB-4CF056199145}"
EndProject
Global
	GlobalSection(SolutionConfigurationPlatforms) = preSolution
		Debug|Any CPU = Debug|Any CPU
		Release|Any CPU = Release|Any CPU
	EndGlobalSection
	GlobalSection(ProjectConfigurationPlatforms) = postSolution
		{BEBF4E96-F42C-411D-89DB-4CF056199145}.Debug|Any CPU.ActiveCfg = Debug|Any CPU
		{BEBF4E96-F42C-411D-89DB-4CF056199145}.Debug|Any CPU.Build.0 = Debug|Any CPU
		{BEBF4E96-F42C-411D-89DB-4CF056199145}.Release|Any CPU.ActiveCfg = Release|Any CPU
		{BEBF4E96-F42C-411D-89DB-4CF056199145}.Release|Any CPU.Build.0 = Release|Any CPU
	EndGlobalSection
	GlobalSection(SolutionProperties) = preSolution
		HideSolutionNode = FALSE
	EndGlobalSection
	GlobalSection(ExtensibilityGlobals) = postSolution
		SolutionGuid = {12A3DCDA-CB9E-4C7C-9291-235C34A10A76}
	EndGlobalSection
EndGlobal
